{
  "name": "react-antd-admin-template",
  "version": "0.1.0",
  "lockfileVersion": 1,
  "requires": true,
  "dependencies": {
    "echarts": {
      "version": "3.8.5",
      "resolved": "https://registry.npmjs.org/echarts/-/echarts-3.8.5.tgz",
      "integrity": "sha512-E+nnROMfCeiLeoT/fZyX8SE8mKzwkTjyemyoBF543oqjRtjTSKQAVDEihMXy4oC6pJS0tYGdMqCA2ATk8onyRg==",
      "requires": {
        "zrender": "3.7.4"
      }
    },
    "zrender": {
      "version": "3.7.4",
      "resolved": "https://registry.npmjs.org/zrender/-/zrender-3.7.4.tgz",
      "integrity": "sha512-5Nz7+L1wIoL0+Pp/iOP56jD6eD017qC9VRSgUBheXBiAHgOBJZ4uh4/g6e83acIwa8RKSyZf/FlceKu5ntUuxQ=="
    }
  }
}
